
Microsoft Visual Studio Solution File, Format Version 12.00
# Visual Studio Version 17
VisualStudioVersion = 17.14.36203.30 d17.14
MinimumVisualStudioVersion = 10.0.40219.1
Project("{FAE04EC0-301F-11D3-BF4B-00C04F79EFBC}") = "Project-1", "Project-1\Project-1.csproj", "{376913EA-7AEB-42CD-AF0C-93C1F6891674}"
EndProject
Global
	GlobalSection(SolutionConfigurationPlatforms) = preSolution
		Debug|Any CPU = Debug|Any CPU
		Release|Any CPU = Release|Any CPU
	EndGlobalSection
	GlobalSection(ProjectConfigurationPlatforms) = postSolution
		{376913EA-7AEB-42CD-AF0C-93C1F6891674}.Debug|Any CPU.ActiveCfg = Debug|Any CPU
		{376913EA-7AEB-42CD-AF0C-93C1F6891674}.Debug|Any CPU.Build.0 = Debug|Any CPU
		{376913EA-7AEB-42CD-AF0C-93C1F6891674}.Release|Any CPU.ActiveCfg = Release|Any CPU
		{376913EA-7AEB-42CD-AF0C-93C1F6891674}.Release|Any CPU.Build.0 = Release|Any CPU
	EndGlobalSection
	GlobalSection(SolutionProperties) = preSolution
		HideSolutionNode = FALSE
	EndGlobalSection
	GlobalSection(ExtensibilityGlobals) = postSolution
		SolutionGuid = {B1543A01-36BC-46CD-9184-DAF7BBDA4C69}
	EndGlobalSection
EndGlobal
